// !$*UTF8*$!
{
	archiveVersion = 1;
	classes = {
	};
	objectVersion = 56;
	objects = {

/* Begin PBXBuildFile section */
		6418B5842C1CC76B005BEFAC /* Kpss_Puan_HesaplayiciApp.swift in Sources */ = {isa = PBXBuildFile; fileRef = 6418B5832C1CC76B005BEFAC /* Kpss_Puan_HesaplayiciApp.swift */; };
		6418B5882C1CC76C005BEFAC /* Assets.xcassets in Resources */ = {isa = PBXBuildFile; fileRef = 6418B5872C1CC76C005BEFAC /* Assets.xcassets */; };
		6418B58B2C1CC76C005BEFAC /* Preview Assets.xcassets in Resources */ = {isa = PBXBuildFile; fileRef = 6418B58A2C1CC76C005BEFAC /* Preview Assets.xcassets */; };
		6418B5942C1CC795005BEFAC /* RootView.swift in Sources */ = {isa = PBXBuildFile; fileRef = 6418B5932C1CC795005BEFAC /* RootView.swift */; };
		6418B5962C1CC79C005BEFAC /* MainView.swift in Sources */ = {isa = PBXBuildFile; fileRef = 6418B5952C1CC79C005BEFAC /* MainView.swift */; };
		6418B5982C1CC7A0005BEFAC /* ResultView.swift in Sources */ = {isa = PBXBuildFile; fileRef = 6418B5972C1CC7A0005BEFAC /* ResultView.swift */; };
		64BF75562C1CCEC80066F77D /* OABTView.swift in Sources */ = {isa = PBXBuildFile; fileRef = 64BF75552C1CCEC80066F77D /* OABTView.swift */; };
		64BF75582C1CCED50066F77D /* EgitimBilimleriView.swift in Sources */ = {isa = PBXBuildFile; fileRef = 64BF75572C1CCED50066F77D /* EgitimBilimleriView.swift */; };
		64BF755A2C1CCEDD0066F77D /* LisansView.swift in Sources */ = {isa = PBXBuildFile; fileRef = 64BF75592C1CCEDD0066F77D /* LisansView.swift */; };
		64BF755C2C1CCEE80066F77D /* OnlisansView.swift in Sources */ = {isa = PBXBuildFile; fileRef = 64BF755B2C1CCEE80066F77D /* OnlisansView.swift */; };
		64BF755E2C1CCEF90066F77D /* OrtaogretimView.swift in Sources */ = {isa = PBXBuildFile; fileRef = 64BF755D2C1CCEF90066F77D /* OrtaogretimView.swift */; };
/* End PBXBuildFile section */

/* Begin PBXFileReference section */
		6418B5802C1CC76B005BEFAC /* Kpss-Puan-Hesaplayici.app */ = {isa = PBXFileReference; explicitFileType = wrapper.application; includeInIndex = 0; path = "Kpss-Puan-Hesaplayici.app"; sourceTree = BUILT_PRODUCTS_DIR; };
		6418B5832C1CC76B005BEFAC /* Kpss_Puan_HesaplayiciApp.swift */ = {isa = PBXFileReference; lastKnownFileType = sourcecode.swift; path = Kpss_Puan_HesaplayiciApp.swift; sourceTree = "<group>"; };
		6418B5872C1CC76C005BEFAC /* Assets.xcassets */ = {isa = PBXFileReference; lastKnownFileType = folder.assetcatalog; path = Assets.xcassets; sourceTree = "<group>"; };
		6418B58A2C1CC76C005BEFAC /* Preview Assets.xcassets */ = {isa = PBXFileReference; lastKnownFileType = folder.assetcatalog; path = "Preview Assets.xcassets"; sourceTree = "<group>"; };
		6418B5932C1CC795005BEFAC /* RootView.swift */ = {isa = PBXFileReference; lastKnownFileType = sourcecode.swift; path = RootView.swift; sourceTree = "<group>"; };
		6418B5952C1CC79C005BEFAC /* MainView.swift */ = {isa = PBXFileReference; lastKnownFileType = sourcecode.swift; path = MainView.swift; sourceTree = "<group>"; };
		6418B5972C1CC7A0005BEFAC /* ResultView.swift */ = {isa = PBXFileReference; lastKnownFileType = sourcecode.swift; path = ResultView.swift; sourceTree = "<group>"; };
		64BF75552C1CCEC80066F77D /* OABTView.swift */ = {isa = PBXFileReference; lastKnownFileType = sourcecode.swift; path = OABTView.swift; sourceTree = "<group>"; };
		64BF75572C1CCED50066F77D /* EgitimBilimleriView.swift */ = {isa = PBXFileReference; lastKnownFileType = sourcecode.swift; path = EgitimBilimleriView.swift; sourceTree = "<group>"; };
		64BF75592C1CCEDD0066F77D /* LisansView.swift */ = {isa = PBXFileReference; lastKnownFileType = sourcecode.swift; path = LisansView.swift; sourceTree = "<group>"; };
		64BF755B2C1CCEE80066F77D /* OnlisansView.swift */ = {isa = PBXFileReference; lastKnownFileType = sourcecode.swift; path = OnlisansView.swift; sourceTree = "<group>"; };
		64BF755D2C1CCEF90066F77D /* OrtaogretimView.swift */ = {isa = PBXFileReference; lastKnownFileType = sourcecode.swift; path = OrtaogretimView.swift; sourceTree = "<group>"; };
/* End PBXFileReference section */

/* Begin PBXFrameworksBuildPhase section */
		6418B57D2C1CC76B005BEFAC /* Frameworks */ = {
			isa = PBXFrameworksBuildPhase;
			buildActionMask = 2147483647;
			files = (
			);
			runOnlyForDeploymentPostprocessing = 0;
		};
/* End PBXFrameworksBuildPhase section */

/* Begin PBXGroup section */
		6418B5772C1CC76B005BEFAC = {
			isa = PBXGroup;
			children = (
				6418B5822C1CC76B005BEFAC /* Kpss-Puan-Hesaplayici */,
				6418B5812C1CC76B005BEFAC /* Products */,
			);
			sourceTree = "<group>";
		};
		6418B5812C1CC76B005BEFAC /* Products */ = {
			isa = PBXGroup;
			children = (
				6418B5802C1CC76B005BEFAC /* Kpss-Puan-Hesaplayici.app */,
			);
			name = Products;
			sourceTree = "<group>";
		};
		6418B5822C1CC76B005BEFAC /* Kpss-Puan-Hesaplayici */ = {
			isa = PBXGroup;
			children = (
				64BF75542C1CCEB40066F77D /* ViewModels */,
				6418B59A2C1CC7B1005BEFAC /* Views */,
				6418B5992C1CC7A7005BEFAC /* Resources */,
				6418B5892C1CC76C005BEFAC /* Preview Content */,
			);
			path = "Kpss-Puan-Hesaplayici";
			sourceTree = "<group>";
		};
		6418B5892C1CC76C005BEFAC /* Preview Content */ = {
			isa = PBXGroup;
			children = (
				6418B58A2C1CC76C005BEFAC /* Preview Assets.xcassets */,
			);
			path = "Preview Content";
			sourceTree = "<group>";
		};
		6418B5992C1CC7A7005BEFAC /* Resources */ = {
			isa = PBXGroup;
			children = (
				6418B5832C1CC76B005BEFAC /* Kpss_Puan_HesaplayiciApp.swift */,
				6418B5872C1CC76C005BEFAC /* Assets.xcassets */,
			);
			path = Resources;
			sourceTree = "<group>";
		};
		6418B59A2C1CC7B1005BEFAC /* Views */ = {
			isa = PBXGroup;
			children = (
				6418B5952C1CC79C005BEFAC /* MainView.swift */,
				6418B5932C1CC795005BEFAC /* RootView.swift */,
				6418B5972C1CC7A0005BEFAC /* ResultView.swift */,
			);
			path = Views;
			sourceTree = "<group>";
		};
		64BF75542C1CCEB40066F77D /* ViewModels */ = {
			isa = PBXGroup;
			children = (
				64BF75552C1CCEC80066F77D /* OABTView.swift */,
				64BF75572C1CCED50066F77D /* EgitimBilimleriView.swift */,
				64BF75592C1CCEDD0066F77D /* LisansView.swift */,
				64BF755B2C1CCEE80066F77D /* OnlisansView.swift */,
				64BF755D2C1CCEF90066F77D /* OrtaogretimView.swift */,
			);
			path = ViewModels;
			sourceTree = "<group>";
		};
/* End PBXGroup section */

/* Begin PBXNativeTarget section */
		6418B57F2C1CC76B005BEFAC /* Kpss-Puan-Hesaplayici */ = {
			isa = PBXNativeTarget;
			buildConfigurationList = 6418B58E2C1CC76C005BEFAC /* Build configuration list for PBXNativeTarget "Kpss-Puan-Hesaplayici" */;
			buildPhases = (
				6418B57C2C1CC76B005BEFAC /* Sources */,
				6418B57D2C1CC76B005BEFAC /* Frameworks */,
				6418B57E2C1CC76B005BEFAC /* Resources */,
			);
			buildRules = (
			);
			dependencies = (
			);
			name = "Kpss-Puan-Hesaplayici";
			productName = "Kpss-Puan-Hesaplayici";
			productReference = 6418B5802C1CC76B005BEFAC /* Kpss-Puan-Hesaplayici.app */;
			productType = "com.apple.product-type.application";
		};
/* End PBXNativeTarget section */

/* Begin PBXProject section */
		6418B5782C1CC76B005BEFAC /* Project object */ = {
			isa = PBXProject;
			attributes = {
				BuildIndependentTargetsInParallel = 1;
				LastSwiftUpdateCheck = 1410;
				LastUpgradeCheck = 1410;
				TargetAttributes = {
					6418B57F2C1CC76B005BEFAC = {
						CreatedOnToolsVersion = 14.1;
					};
				};
			};
			buildConfigurationList = 6418B57B2C1CC76B005BEFAC /* Build configuration list for PBXProject "Kpss-Puan-Hesaplayici" */;
			compatibilityVersion = "Xcode 14.0";
			developmentRegion = en;
			hasScannedForEncodings = 0;
			knownRegions = (
				en,
				tr,
			);
			mainGroup = 6418B5772C1CC76B005BEFAC;
			productRefGroup = 6418B5812C1CC76B005BEFAC /* Products */;
			projectDirPath = "";
			projectRoot = "";
			targets = (
				6418B57F2C1CC76B005BEFAC /* Kpss-Puan-Hesaplayici */,
			);
		};
/* End PBXProject section */

/* Begin PBXResourcesBuildPhase section */
		6418B57E2C1CC76B005BEFAC /* Resources */ = {
			isa = PBXResourcesBuildPhase;
			buildActionMask = 2147483647;
			files = (
				6418B58B2C1CC76C005BEFAC /* Preview Assets.xcassets in Resources */,
				6418B5882C1CC76C005BEFAC /* Assets.xcassets in Resources */,
			);
			runOnlyForDeploymentPostprocessing = 0;
		};
/* End PBXResourcesBuildPhase section */

/* Begin PBXSourcesBuildPhase section */
		6418B57C2C1CC76B005BEFAC /* Sources */ = {
			isa = PBXSourcesBuildPhase;
			buildActionMask = 2147483647;
			files = (
				64BF755A2C1CCEDD0066F77D /* LisansView.swift in Sources */,
				6418B5942C1CC795005BEFAC /* RootView.swift in Sources */,
				6418B5982C1CC7A0005BEFAC /* ResultView.swift in Sources */,
				6418B5962C1CC79C005BEFAC /* MainView.swift in Sources */,
				64BF755E2C1CCEF90066F77D /* OrtaogretimView.swift in Sources */,
				64BF75562C1CCEC80066F77D /* OABTView.swift in Sources */,
				6418B5842C1CC76B005BEFAC /* Kpss_Puan_HesaplayiciApp.swift in Sources */,
				64BF75582C1CCED50066F77D /* EgitimBilimleriView.swift in Sources */,
				64BF755C2C1CCEE80066F77D /* OnlisansView.swift in Sources */,
			);
			runOnlyForDeploymentPostprocessing = 0;
		};
/* End PBXSourcesBuildPhase section */

/* Begin XCBuildConfiguration section */
		6418B58C2C1CC76C005BEFAC /* Debug */ = {
			isa = XCBuildConfiguration;
			buildSettings = {
				ALWAYS_SEARCH_USER_PATHS = NO;
				CLANG_ANALYZER_NONNULL = YES;
				CLANG_ANALYZER_NUMBER_OBJECT_CONVERSION = YES_AGGRESSIVE;
				CLANG_CXX_LANGUAGE_STANDARD = "gnu++20";
				CLANG_ENABLE_MODULES = YES;
				CLANG_ENABLE_OBJC_ARC = YES;
				CLANG_ENABLE_OBJC_WEAK = YES;
				CLANG_WARN_BLOCK_CAPTURE_AUTORELEASING = YES;
				CLANG_WARN_BOOL_CONVERSION = YES;
				CLANG_WARN_COMMA = YES;
				CLANG_WARN_CONSTANT_CONVERSION = YES;
				CLANG_WARN_DEPRECATED_OBJC_IMPLEMENTATIONS = YES;
				CLANG_WARN_DIRECT_OBJC_ISA_USAGE = YES_ERROR;
				CLANG_WARN_DOCUMENTATION_COMMENTS = YES;
				CLANG_WARN_EMPTY_BODY = YES;
				CLANG_WARN_ENUM_CONVERSION = YES;
				CLANG_WARN_INFINITE_RECURSION = YES;
				CLANG_WARN_INT_CONVERSION = YES;
				CLANG_WARN_NON_LITERAL_NULL_CONVERSION = YES;
				CLANG_WARN_OBJC_IMPLICIT_RETAIN_SELF = YES;
				CLANG_WARN_OBJC_LITERAL_CONVERSION = YES;
				CLANG_WARN_OBJC_ROOT_CLASS = YES_ERROR;
				CLANG_WARN_QUOTED_INCLUDE_IN_FRAMEWORK_HEADER = YES;
				CLANG_WARN_RANGE_LOOP_ANALYSIS = YES;
				CLANG_WARN_STRICT_PROTOTYPES = YES;
				CLANG_WARN_SUSPICIOUS_MOVE = YES;
				CLANG_WARN_UNGUARDED_AVAILABILITY = YES_AGGRESSIVE;
				CLANG_WARN_UNREACHABLE_CODE = YES;
				CLANG_WARN__DUPLICATE_METHOD_MATCH = YES;
				COPY_PHASE_STRIP = NO;
				DEBUG_INFORMATION_FORMAT = dwarf;
				ENABLE_STRICT_OBJC_MSGSEND = YES;
				ENABLE_TESTABILITY = YES;
				GCC_C_LANGUAGE_STANDARD = gnu11;
				GCC_DYNAMIC_NO_PIC = NO;
				GCC_NO_COMMON_BLOCKS = YES;
				GCC_OPTIMIZATION_LEVEL = 0;
				GCC_PREPROCESSOR_DEFINITIONS = (
					"DEBUG=1",
					"$(inherited)",
				);
				GCC_WARN_64_TO_32_BIT_CONVERSION = YES;
				GCC_WARN_ABOUT_RETURN_TYPE = YES_ERROR;
				GCC_WARN_UNDECLARED_SELECTOR = YES;
				GCC_WARN_UNINITIALIZED_AUTOS = YES_AGGRESSIVE;
				GCC_WARN_UNUSED_FUNCTION = YES;
				GCC_WARN_UNUSED_VARIABLE = YES;
				IPHONEOS_DEPLOYMENT_TARGET = 16.1;
				MTL_ENABLE_DEBUG_INFO = INCLUDE_SOURCE;
				MTL_FAST_MATH = YES;
				ONLY_ACTIVE_ARCH = YES;
				SDKROOT = iphoneos;
				SWIFT_ACTIVE_COMPILATION_CONDITIONS = DEBUG;
				SWIFT_OPTIMIZATION_LEVEL = "-Onone";
			};
			name = Debug;
		};
		6418B58D2C1CC76C005BEFAC /* Release */ = {
			isa = XCBuildConfiguration;
			buildSettings = {
				ALWAYS_SEARCH_USER_PATHS = NO;
				CLANG_ANALYZER_NONNULL = YES;
				CLANG_ANALYZER_NUMBER_OBJECT_CONVERSION = YES_AGGRESSIVE;
				CLANG_CXX_LANGUAGE_STANDARD = "gnu++20";
				CLANG_ENABLE_MODULES = YES;
				CLANG_ENABLE_OBJC_ARC = YES;
				CLANG_ENABLE_OBJC_WEAK = YES;
				CLANG_WARN_BLOCK_CAPTURE_AUTORELEASING = YES;
				CLANG_WARN_BOOL_CONVERSION = YES;
				CLANG_WARN_COMMA = YES;
				CLANG_WARN_CONSTANT_CONVERSION = YES;
				CLANG_WARN_DEPRECATED_OBJC_IMPLEMENTATIONS = YES;
				CLANG_WARN_DIRECT_OBJC_ISA_USAGE = YES_ERROR;
				CLANG_WARN_DOCUMENTATION_COMMENTS = YES;
				CLANG_WARN_EMPTY_BODY = YES;
				CLANG_WARN_ENUM_CONVERSION = YES;
				CLANG_WARN_INFINITE_RECURSION = YES;
				CLANG_WARN_INT_CONVERSION = YES;
				CLANG_WARN_NON_LITERAL_NULL_CONVERSION = YES;
				CLANG_WARN_OBJC_IMPLICIT_RETAIN_SELF = YES;
				CLANG_WARN_OBJC_LITERAL_CONVERSION = YES;
				CLANG_WARN_OBJC_ROOT_CLASS = YES_ERROR;
				CLANG_WARN_QUOTED_INCLUDE_IN_FRAMEWORK_HEADER = YES;
				CLANG_WARN_RANGE_LOOP_ANALYSIS = YES;
				CLANG_WARN_STRICT_PROTOTYPES = YES;
				CLANG_WARN_SUSPICIOUS_MOVE = YES;
				CLANG_WARN_UNGUARDED_AVAILABILITY = YES_AGGRESSIVE;
				CLANG_WARN_UNREACHABLE_CODE = YES;
				CLANG_WARN__DUPLICATE_METHOD_MATCH = YES;
				COPY_PHASE_STRIP = NO;
				DEBUG_INFORMATION_FORMAT = "dwarf-with-dsym";
				ENABLE_NS_ASSERTIONS = NO;
				ENABLE_STRICT_OBJC_MSGSEND = YES;
				GCC_C_LANGUAGE_STANDARD = gnu11;
				GCC_NO_COMMON_BLOCKS = YES;
				GCC_WARN_64_TO_32_BIT_CONVERSION = YES;
				GCC_WARN_ABOUT_RETURN_TYPE = YES_ERROR;
				GCC_WARN_UNDECLARED_SELECTOR = YES;
				GCC_WARN_UNINITIALIZED_AUTOS = YES_AGGRESSIVE;
				GCC_WARN_UNUSED_FUNCTION = YES;
				GCC_WARN_UNUSED_VARIABLE = YES;
				IPHONEOS_DEPLOYMENT_TARGET = 16.1;
				MTL_ENABLE_DEBUG_INFO = NO;
				MTL_FAST_MATH = YES;
				SDKROOT = iphoneos;
				SWIFT_COMPILATION_MODE = wholemodule;
				SWIFT_OPTIMIZATION_LEVEL = "-O";
				VALIDATE_PRODUCT = YES;
			};
			name = Release;
		};
		6418B58F2C1CC76C005BEFAC /* Debug */ = {
			isa = XCBuildConfiguration;
			buildSettings = {
				ASSETCATALOG_COMPILER_APPICON_NAME = AppIcon;
				ASSETCATALOG_COMPILER_GLOBAL_ACCENT_COLOR_NAME = AccentColor;
				CODE_SIGN_STYLE = Automatic;
				CURRENT_PROJECT_VERSION = 1;
				DEVELOPMENT_ASSET_PATHS = "\"Kpss-Puan-Hesaplayici/Preview Content\"";
				DEVELOPMENT_TEAM = HJHD973MWB;
				ENABLE_PREVIEWS = YES;
				GENERATE_INFOPLIST_FILE = YES;
				INFOPLIST_KEY_UIApplicationSceneManifest_Generation = YES;
				INFOPLIST_KEY_UIApplicationSupportsIndirectInputEvents = YES;
				INFOPLIST_KEY_UILaunchScreen_Generation = YES;
				INFOPLIST_KEY_UISupportedInterfaceOrientations_iPad = "UIInterfaceOrientationPortrait UIInterfaceOrientationPortraitUpsideDown UIInterfaceOrientationLandscapeLeft UIInterfaceOrientationLandscapeRight";
				INFOPLIST_KEY_UISupportedInterfaceOrientations_iPhone = "UIInterfaceOrientationPortrait UIInterfaceOrientationLandscapeLeft UIInterfaceOrientationLandscapeRight";
				LD_RUNPATH_SEARCH_PATHS = (
					"$(inherited)",
					"@executable_path/Frameworks",
				);
				MARKETING_VERSION = 1.0;
				PRODUCT_BUNDLE_IDENTIFIER = "com.MehmetAliEr.Kpss-Puan-Hesaplayici";
				PRODUCT_NAME = "$(TARGET_NAME)";
				SWIFT_EMIT_LOC_STRINGS = YES;
				SWIFT_VERSION = 5.0;
				TARGETED_DEVICE_FAMILY = "1,2";
			};
			name = Debug;
		};
		6418B5902C1CC76C005BEFAC /* Release */ = {
			isa = XCBuildConfiguration;
			buildSettings = {
				ASSETCATALOG_COMPILER_APPICON_NAME = AppIcon;
				ASSETCATALOG_COMPILER_GLOBAL_ACCENT_COLOR_NAME = AccentColor;
				CODE_SIGN_STYLE = Automatic;
				CURRENT_PROJECT_VERSION = 1;
				DEVELOPMENT_ASSET_PATHS = "\"Kpss-Puan-Hesaplayici/Preview Content\"";
				DEVELOPMENT_TEAM = HJHD973MWB;
				ENABLE_PREVIEWS = YES;
				GENERATE_INFOPLIST_FILE = YES;
				INFOPLIST_KEY_UIApplicationSceneManifest_Generation = YES;
				INFOPLIST_KEY_UIApplicationSupportsIndirectInputEvents = YES;
				INFOPLIST_KEY_UILaunchScreen_Generation = YES;
				INFOPLIST_KEY_UISupportedInterfaceOrientations_iPad = "UIInterfaceOrientationPortrait UIInterfaceOrientationPortraitUpsideDown UIInterfaceOrientationLandscapeLeft UIInterfaceOrientationLandscapeRight";
				INFOPLIST_KEY_UISupportedInterfaceOrientations_iPhone = "UIInterfaceOrientationPortrait UIInterfaceOrientationLandscapeLeft UIInterfaceOrientationLandscapeRight";
				LD_RUNPATH_SEARCH_PATHS = (
					"$(inherited)",
					"@executable_path/Frameworks",
				);
				MARKETING_VERSION = 1.0;
				PRODUCT_BUNDLE_IDENTIFIER = "com.MehmetAliEr.Kpss-Puan-Hesaplayici";
				PRODUCT_NAME = "$(TARGET_NAME)";
				SWIFT_EMIT_LOC_STRINGS = YES;
				SWIFT_VERSION = 5.0;
				TARGETED_DEVICE_FAMILY = "1,2";
			};
			name = Release;
		};
/* End XCBuildConfiguration section */

/* Begin XCConfigurationList section */
		6418B57B2C1CC76B005BEFAC /* Build configuration list for PBXProject "Kpss-Puan-Hesaplayici" */ = {
			isa = XCConfigurationList;
			buildConfigurations = (
				6418B58C2C1CC76C005BEFAC /* Debug */,
				6418B58D2C1CC76C005BEFAC /* Release */,
			);
			defaultConfigurationIsVisible = 0;
			defaultConfigurationName = Release;
		};
		6418B58E2C1CC76C005BEFAC /* Build configuration list for PBXNativeTarget "Kpss-Puan-Hesaplayici" */ = {
			isa = XCConfigurationList;
			buildConfigurations = (
				6418B58F2C1CC76C005BEFAC /* Debug */,
				6418B5902C1CC76C005BEFAC /* Release */,
			);
			defaultConfigurationIsVisible = 0;
			defaultConfigurationName = Release;
		};
/* End XCConfigurationList section */
	};
	rootObject = 6418B5782C1CC76B005BEFAC /* Project object */;
}
